{
  "agent_id": "pm_claude_001_k3x7",
  "timestamp": "2025-09-06T11:04:00Z",
  "planned_scope": {
    "files": ["coordination/PROJECT_SPECIFICATION.md", "coordination/PRODUCT_CLARIFICATIONS.md"],
    "features": ["Product specification creation", "User requirements documentation", "Feature prioritization"],
    "estimated_duration": "60 minutes"
  },
  "status": "implementing"
}